// !$*UTF8*$!
{
	archiveVersion = 1;
	classes = {
	};
	objectVersion = 50;
	objects = {

/* Begin PBXBuildFile section */
		D80C62FC2550A2F6007EF1E7 /* mapTab.swift in Sources */ = {isa = PBXBuildFile; fileRef = D80C62FB2550A2F6007EF1E7 /* mapTab.swift */; };
		D80C62FE2550A652007EF1E7 /* eventListTab.swift in Sources */ = {isa = PBXBuildFile; fileRef = D80C62FD2550A652007EF1E7 /* eventListTab.swift */; };
		D83AEE1125608EB900032FDF /* HomeModel.swift in Sources */ = {isa = PBXBuildFile; fileRef = D83AEE1025608EB900032FDF /* HomeModel.swift */; };
		D83AEE1525608EDE00032FDF /* LocationModel.swift in Sources */ = {isa = PBXBuildFile; fileRef = D83AEE1425608EDE00032FDF /* LocationModel.swift */; };
		D87EE029253A9E31000253AD /* AppDelegate.swift in Sources */ = {isa = PBXBuildFile; fileRef = D87EE028253A9E31000253AD /* AppDelegate.swift */; };
		D87EE02B253A9E31000253AD /* ViewController.swift in Sources */ = {isa = PBXBuildFile; fileRef = D87EE02A253A9E31000253AD /* ViewController.swift */; };
		D87EE02E253A9E31000253AD /* Main.storyboard in Resources */ = {isa = PBXBuildFile; fileRef = D87EE02C253A9E31000253AD /* Main.storyboard */; };
		D87EE030253A9E31000253AD /* Assets.xcassets in Resources */ = {isa = PBXBuildFile; fileRef = D87EE02F253A9E31000253AD /* Assets.xcassets */; };
		D87EE033253A9E31000253AD /* LaunchScreen.storyboard in Resources */ = {isa = PBXBuildFile; fileRef = D87EE031253A9E31000253AD /* LaunchScreen.storyboard */; };
/* End PBXBuildFile section */

/* Begin PBXFileReference section */
		D80C62FB2550A2F6007EF1E7 /* mapTab.swift */ = {isa = PBXFileReference; lastKnownFileType = sourcecode.swift; path = mapTab.swift; sourceTree = "<group>"; };
		D80C62FD2550A652007EF1E7 /* eventListTab.swift */ = {isa = PBXFileReference; lastKnownFileType = sourcecode.swift; path = eventListTab.swift; sourceTree = "<group>"; };
		D83AEE1025608EB900032FDF /* HomeModel.swift */ = {isa = PBXFileReference; lastKnownFileType = sourcecode.swift; path = HomeModel.swift; sourceTree = "<group>"; };
		D83AEE1425608EDE00032FDF /* LocationModel.swift */ = {isa = PBXFileReference; lastKnownFileType = sourcecode.swift; path = LocationModel.swift; sourceTree = "<group>"; };
		D87EE025253A9E31000253AD /* draftCSC599.app */ = {isa = PBXFileReference; explicitFileType = wrapper.application; includeInIndex = 0; path = draftCSC599.app; sourceTree = BUILT_PRODUCTS_DIR; };
		D87EE028253A9E31000253AD /* AppDelegate.swift */ = {isa = PBXFileReference; lastKnownFileType = sourcecode.swift; path = AppDelegate.swift; sourceTree = "<group>"; };
		D87EE02A253A9E31000253AD /* ViewController.swift */ = {isa = PBXFileReference; lastKnownFileType = sourcecode.swift; path = ViewController.swift; sourceTree = "<group>"; };
		D87EE02D253A9E31000253AD /* Base */ = {isa = PBXFileReference; lastKnownFileType = file.storyboard; name = Base; path = Base.lproj/Main.storyboard; sourceTree = "<group>"; };
		D87EE02F253A9E31000253AD /* Assets.xcassets */ = {isa = PBXFileReference; lastKnownFileType = folder.assetcatalog; path = Assets.xcassets; sourceTree = "<group>"; };
		D87EE032253A9E31000253AD /* Base */ = {isa = PBXFileReference; lastKnownFileType = file.storyboard; name = Base; path = Base.lproj/LaunchScreen.storyboard; sourceTree = "<group>"; };
		D87EE034253A9E31000253AD /* Info.plist */ = {isa = PBXFileReference; lastKnownFileType = text.plist.xml; path = Info.plist; sourceTree = "<group>"; };
/* End PBXFileReference section */

/* Begin PBXFrameworksBuildPhase section */
		D87EE022253A9E31000253AD /* Frameworks */ = {
			isa = PBXFrameworksBuildPhase;
			buildActionMask = 2147483647;
			files = (
			);
			runOnlyForDeploymentPostprocessing = 0;
		};
/* End PBXFrameworksBuildPhase section */

/* Begin PBXGroup section */
		D87EE01C253A9E31000253AD = {
			isa = PBXGroup;
			children = (
				D87EE027253A9E31000253AD /* draftCSC599 */,
				D87EE026253A9E31000253AD /* Products */,
			);
			sourceTree = "<group>";
		};
		D87EE026253A9E31000253AD /* Products */ = {
			isa = PBXGroup;
			children = (
				D87EE025253A9E31000253AD /* draftCSC599.app */,
			);
			name = Products;
			sourceTree = "<group>";
		};
		D87EE027253A9E31000253AD /* draftCSC599 */ = {
			isa = PBXGroup;
			children = (
				D87EE028253A9E31000253AD /* AppDelegate.swift */,
				D87EE02A253A9E31000253AD /* ViewController.swift */,
				D87EE02C253A9E31000253AD /* Main.storyboard */,
				D80C62FB2550A2F6007EF1E7 /* mapTab.swift */,
				D80C62FD2550A652007EF1E7 /* eventListTab.swift */,
				D87EE02F253A9E31000253AD /* Assets.xcassets */,
				D87EE031253A9E31000253AD /* LaunchScreen.storyboard */,
				D87EE034253A9E31000253AD /* Info.plist */,
				D83AEE1025608EB900032FDF /* HomeModel.swift */,
				D83AEE1425608EDE00032FDF /* LocationModel.swift */,
			);
			path = draftCSC599;
			sourceTree = "<group>";
		};
/* End PBXGroup section */

/* Begin PBXNativeTarget section */
		D87EE024253A9E31000253AD /* draftCSC599 */ = {
			isa = PBXNativeTarget;
			buildConfigurationList = D87EE037253A9E31000253AD /* Build configuration list for PBXNativeTarget "draftCSC599" */;
			buildPhases = (
				D87EE021253A9E31000253AD /* Sources */,
				D87EE022253A9E31000253AD /* Frameworks */,
				D87EE023253A9E31000253AD /* Resources */,
			);
			buildRules = (
			);
			dependencies = (
			);
			name = draftCSC599;
			productName = draftCSC599;
			productReference = D87EE025253A9E31000253AD /* draftCSC599.app */;
			productType = "com.apple.product-type.application";
		};
/* End PBXNativeTarget section */

/* Begin PBXProject section */
		D87EE01D253A9E31000253AD /* Project object */ = {
			isa = PBXProject;
			attributes = {
				LastSwiftUpdateCheck = 1010;
				LastUpgradeCheck = 1010;
				ORGANIZATIONNAME = "Jordan Burgmeier";
				TargetAttributes = {
					D87EE024253A9E31000253AD = {
						CreatedOnToolsVersion = 10.1;
					};
				};
			};
			buildConfigurationList = D87EE020253A9E31000253AD /* Build configuration list for PBXProject "draftCSC599" */;
			compatibilityVersion = "Xcode 9.3";
			developmentRegion = en;
			hasScannedForEncodings = 0;
			knownRegions = (
				en,
				Base,
			);
			mainGroup = D87EE01C253A9E31000253AD;
			productRefGroup = D87EE026253A9E31000253AD /* Products */;
			projectDirPath = "";
			projectRoot = "";
			targets = (
				D87EE024253A9E31000253AD /* draftCSC599 */,
			);
		};
/* End PBXProject section */

/* Begin PBXResourcesBuildPhase section */
		D87EE023253A9E31000253AD /* Resources */ = {
			isa = PBXResourcesBuildPhase;
			buildActionMask = 2147483647;
			files = (
				D87EE033253A9E31000253AD /* LaunchScreen.storyboard in Resources */,
				D87EE030253A9E31000253AD /* Assets.xcassets in Resources */,
				D87EE02E253A9E31000253AD /* Main.storyboard in Resources */,
			);
			runOnlyForDeploymentPostprocessing = 0;
		};
/* End PBXResourcesBuildPhase section */

/* Begin PBXSourcesBuildPhase section */
		D87EE021253A9E31000253AD /* Sources */ = {
			isa = PBXSourcesBuildPhase;
			buildActionMask = 2147483647;
			files = (
				D87EE02B253A9E31000253AD /* ViewController.swift in Sources */,
				D87EE029253A9E31000253AD /* AppDelegate.swift in Sources */,
				D83AEE1125608EB900032FDF /* HomeModel.swift in Sources */,
				D80C62FE2550A652007EF1E7 /* eventListTab.swift in Sources */,
				D83AEE1525608EDE00032FDF /* LocationModel.swift in Sources */,
				D80C62FC2550A2F6007EF1E7 /* mapTab.swift in Sources */,
			);
			runOnlyForDeploymentPostprocessing = 0;
		};
/* End PBXSourcesBuildPhase section */

/* Begin PBXVariantGroup section */
		D87EE02C253A9E31000253AD /* Main.storyboard */ = {
			isa = PBXVariantGroup;
			children = (
				D87EE02D253A9E31000253AD /* Base */,
			);
			name = Main.storyboard;
			sourceTree = "<group>";
		};
		D87EE031253A9E31000253AD /* LaunchScreen.storyboard */ = {
			isa = PBXVariantGroup;
			children = (
				D87EE032253A9E31000253AD /* Base */,
			);
			name = LaunchScreen.storyboard;
			sourceTree = "<group>";
		};
/* End PBXVariantGroup section */

/* Begin XCBuildConfiguration section */
		D87EE035253A9E31000253AD /* Debug */ = {
			isa = XCBuildConfiguration;
			buildSettings = {
				ALWAYS_SEARCH_USER_PATHS = NO;
				CLANG_ANALYZER_NONNULL = YES;
				CLANG_ANALYZER_NUMBER_OBJECT_CONVERSION = YES_AGGRESSIVE;
				CLANG_CXX_LANGUAGE_STANDARD = "gnu++14";
				CLANG_CXX_LIBRARY = "libc++";
				CLANG_ENABLE_MODULES = YES;
				CLANG_ENABLE_OBJC_ARC = YES;
				CLANG_ENABLE_OBJC_WEAK = YES;
				CLANG_WARN_BLOCK_CAPTURE_AUTORELEASING = YES;
				CLANG_WARN_BOOL_CONVERSION = YES;
				CLANG_WARN_COMMA = YES;
				CLANG_WARN_CONSTANT_CONVERSION = YES;
				CLANG_WARN_DEPRECATED_OBJC_IMPLEMENTATIONS = YES;
				CLANG_WARN_DIRECT_OBJC_ISA_USAGE = YES_ERROR;
				CLANG_WARN_DOCUMENTATION_COMMENTS = YES;
				CLANG_WARN_EMPTY_BODY = YES;
				CLANG_WARN_ENUM_CONVERSION = YES;
				CLANG_WARN_INFINITE_RECURSION = YES;
				CLANG_WARN_INT_CONVERSION = YES;
				CLANG_WARN_NON_LITERAL_NULL_CONVERSION = YES;
				CLANG_WARN_OBJC_IMPLICIT_RETAIN_SELF = YES;
				CLANG_WARN_OBJC_LITERAL_CONVERSION = YES;
				CLANG_WARN_OBJC_ROOT_CLASS = YES_ERROR;
				CLANG_WARN_RANGE_LOOP_ANALYSIS = YES;
				CLANG_WARN_STRICT_PROTOTYPES = YES;
				CLANG_WARN_SUSPICIOUS_MOVE = YES;
				CLANG_WARN_UNGUARDED_AVAILABILITY = YES_AGGRESSIVE;
				CLANG_WARN_UNREACHABLE_CODE = YES;
				CLANG_WARN__DUPLICATE_METHOD_MATCH = YES;
				CODE_SIGN_IDENTITY = "iPhone Developer";
				COPY_PHASE_STRIP = NO;
				DEBUG_INFORMATION_FORMAT = dwarf;
				ENABLE_STRICT_OBJC_MSGSEND = YES;
				ENABLE_TESTABILITY = YES;
				GCC_C_LANGUAGE_STANDARD = gnu11;
				GCC_DYNAMIC_NO_PIC = NO;
				GCC_NO_COMMON_BLOCKS = YES;
				GCC_OPTIMIZATION_LEVEL = 0;
				GCC_PREPROCESSOR_DEFINITIONS = (
					"DEBUG=1",
					"$(inherited)",
				);
				GCC_WARN_64_TO_32_BIT_CONVERSION = YES;
				GCC_WARN_ABOUT_RETURN_TYPE = YES_ERROR;
				GCC_WARN_UNDECLARED_SELECTOR = YES;
				GCC_WARN_UNINITIALIZED_AUTOS = YES_AGGRESSIVE;
				GCC_WARN_UNUSED_FUNCTION = YES;
				GCC_WARN_UNUSED_VARIABLE = YES;
				IPHONEOS_DEPLOYMENT_TARGET = 12.1;
				MTL_ENABLE_DEBUG_INFO = INCLUDE_SOURCE;
				MTL_FAST_MATH = YES;
				ONLY_ACTIVE_ARCH = YES;
				SDKROOT = iphoneos;
				SWIFT_ACTIVE_COMPILATION_CONDITIONS = DEBUG;
				SWIFT_OPTIMIZATION_LEVEL = "-Onone";
			};
			name = Debug;
		};
		D87EE036253A9E31000253AD /* Release */ = {
			isa = XCBuildConfiguration;
			buildSettings = {
				ALWAYS_SEARCH_USER_PATHS = NO;
				CLANG_ANALYZER_NONNULL = YES;
				CLANG_ANALYZER_NUMBER_OBJECT_CONVERSION = YES_AGGRESSIVE;
				CLANG_CXX_LANGUAGE_STANDARD = "gnu++14";
				CLANG_CXX_LIBRARY = "libc++";
				CLANG_ENABLE_MODULES = YES;
				CLANG_ENABLE_OBJC_ARC = YES;
				CLANG_ENABLE_OBJC_WEAK = YES;
				CLANG_WARN_BLOCK_CAPTURE_AUTORELEASING = YES;
				CLANG_WARN_BOOL_CONVERSION = YES;
				CLANG_WARN_COMMA = YES;
				CLANG_WARN_CONSTANT_CONVERSION = YES;
				CLANG_WARN_DEPRECATED_OBJC_IMPLEMENTATIONS = YES;
				CLANG_WARN_DIRECT_OBJC_ISA_USAGE = YES_ERROR;
				CLANG_WARN_DOCUMENTATION_COMMENTS = YES;
				CLANG_WARN_EMPTY_BODY = YES;
				CLANG_WARN_ENUM_CONVERSION = YES;
				CLANG_WARN_INFINITE_RECURSION = YES;
				CLANG_WARN_INT_CONVERSION = YES;
				CLANG_WARN_NON_LITERAL_NULL_CONVERSION = YES;
				CLANG_WARN_OBJC_IMPLICIT_RETAIN_SELF = YES;
				CLANG_WARN_OBJC_LITERAL_CONVERSION = YES;
				CLANG_WARN_OBJC_ROOT_CLASS = YES_ERROR;
				CLANG_WARN_RANGE_LOOP_ANALYSIS = YES;
				CLANG_WARN_STRICT_PROTOTYPES = YES;
				CLANG_WARN_SUSPICIOUS_MOVE = YES;
				CLANG_WARN_UNGUARDED_AVAILABILITY = YES_AGGRESSIVE;
				CLANG_WARN_UNREACHABLE_CODE = YES;
				CLANG_WARN__DUPLICATE_METHOD_MATCH = YES;
				CODE_SIGN_IDENTITY = "iPhone Developer";
				COPY_PHASE_STRIP = NO;
				DEBUG_INFORMATION_FORMAT = "dwarf-with-dsym";
				ENABLE_NS_ASSERTIONS = NO;
				ENABLE_STRICT_OBJC_MSGSEND = YES;
				GCC_C_LANGUAGE_STANDARD = gnu11;
				GCC_NO_COMMON_BLOCKS = YES;
				GCC_WARN_64_TO_32_BIT_CONVERSION = YES;
				GCC_WARN_ABOUT_RETURN_TYPE = YES_ERROR;
				GCC_WARN_UNDECLARED_SELECTOR = YES;
				GCC_WARN_UNINITIALIZED_AUTOS = YES_AGGRESSIVE;
				GCC_WARN_UNUSED_FUNCTION = YES;
				GCC_WARN_UNUSED_VARIABLE = YES;
				IPHONEOS_DEPLOYMENT_TARGET = 12.1;
				MTL_ENABLE_DEBUG_INFO = NO;
				MTL_FAST_MATH = YES;
				SDKROOT = iphoneos;
				SWIFT_COMPILATION_MODE = wholemodule;
				SWIFT_OPTIMIZATION_LEVEL = "-O";
				VALIDATE_PRODUCT = YES;
			};
			name = Release;
		};
		D87EE038253A9E31000253AD /* Debug */ = {
			isa = XCBuildConfiguration;
			buildSettings = {
				ASSETCATALOG_COMPILER_APPICON_NAME = AppIcon;
				CODE_SIGN_STYLE = Automatic;
				DEVELOPMENT_TEAM = L7NV7X4RCJ;
				INFOPLIST_FILE = draftCSC599/Info.plist;
				LD_RUNPATH_SEARCH_PATHS = (
					"$(inherited)",
					"@executable_path/Frameworks",
				);
				PRODUCT_BUNDLE_IDENTIFIER = jab67145.draftCSC599;
				PRODUCT_NAME = "$(TARGET_NAME)";
				SWIFT_VERSION = 4.2;
				TARGETED_DEVICE_FAMILY = "1,2";
			};
			name = Debug;
		};
		D87EE039253A9E31000253AD /* Release */ = {
			isa = XCBuildConfiguration;
			buildSettings = {
				ASSETCATALOG_COMPILER_APPICON_NAME = AppIcon;
				CODE_SIGN_STYLE = Automatic;
				DEVELOPMENT_TEAM = L7NV7X4RCJ;
				INFOPLIST_FILE = draftCSC599/Info.plist;
				LD_RUNPATH_SEARCH_PATHS = (
					"$(inherited)",
					"@executable_path/Frameworks",
				);
				PRODUCT_BUNDLE_IDENTIFIER = jab67145.draftCSC599;
				PRODUCT_NAME = "$(TARGET_NAME)";
				SWIFT_VERSION = 4.2;
				TARGETED_DEVICE_FAMILY = "1,2";
			};
			name = Release;
		};
/* End XCBuildConfiguration section */

/* Begin XCConfigurationList section */
		D87EE020253A9E31000253AD /* Build configuration list for PBXProject "draftCSC599" */ = {
			isa = XCConfigurationList;
			buildConfigurations = (
				D87EE035253A9E31000253AD /* Debug */,
				D87EE036253A9E31000253AD /* Release */,
			);
			defaultConfigurationIsVisible = 0;
			defaultConfigurationName = Release;
		};
		D87EE037253A9E31000253AD /* Build configuration list for PBXNativeTarget "draftCSC599" */ = {
			isa = XCConfigurationList;
			buildConfigurations = (
				D87EE038253A9E31000253AD /* Debug */,
				D87EE039253A9E31000253AD /* Release */,
			);
			defaultConfigurationIsVisible = 0;
			defaultConfigurationName = Release;
		};
/* End XCConfigurationList section */
	};
	rootObject = D87EE01D253A9E31000253AD /* Project object */;
}
